
Microsoft Visual Studio Solution File, Format Version 12.00
# Visual Studio Version 17
VisualStudioVersion = 17.5.33414.496
MinimumVisualStudioVersion = 10.0.40219.1
Project("{FAE04EC0-301F-11D3-BF4B-00C04F79EFBC}") = "TravelJournalAPI.Server", "TravelJournalAPI\Server\TravelJournalAPI.Server.csproj", "{2D19F9B4-B3E1-4C4A-9EFA-F06A38F64B3A}"
EndProject
Project("{FAE04EC0-301F-11D3-BF4B-00C04F79EFBC}") = "TravelJournalAPI.Client", "TravelJournalAPI\Client\TravelJournalAPI.Client.csproj", "{8B8B3658-9684-423B-9E88-E88880BB191D}"
EndProject
Project("{FAE04EC0-301F-11D3-BF4B-00C04F79EFBC}") = "TravelJournalAPI.Shared", "TravelJournalAPI\Shared\TravelJournalAPI.Shared.csproj", "{D8353797-0DB5-47C2-8B87-54ACD19D1446}"
EndProject
Global
	GlobalSection(SolutionConfigurationPlatforms) = preSolution
		Debug|Any CPU = Debug|Any CPU
		Release|Any CPU = Release|Any CPU
	EndGlobalSection
	GlobalSection(ProjectConfigurationPlatforms) = postSolution
		{2D19F9B4-B3E1-4C4A-9EFA-F06A38F64B3A}.Debug|Any CPU.ActiveCfg = Debug|Any CPU
		{2D19F9B4-B3E1-4C4A-9EFA-F06A38F64B3A}.Debug|Any CPU.Build.0 = Debug|Any CPU
		{2D19F9B4-B3E1-4C4A-9EFA-F06A38F64B3A}.Release|Any CPU.ActiveCfg = Release|Any CPU
		{2D19F9B4-B3E1-4C4A-9EFA-F06A38F64B3A}.Release|Any CPU.Build.0 = Release|Any CPU
		{8B8B3658-9684-423B-9E88-E88880BB191D}.Debug|Any CPU.ActiveCfg = Debug|Any CPU
		{8B8B3658-9684-423B-9E88-E88880BB191D}.Debug|Any CPU.Build.0 = Debug|Any CPU
		{8B8B3658-9684-423B-9E88-E88880BB191D}.Release|Any CPU.ActiveCfg = Release|Any CPU
		{8B8B3658-9684-423B-9E88-E88880BB191D}.Release|Any CPU.Build.0 = Release|Any CPU
		{D8353797-0DB5-47C2-8B87-54ACD19D1446}.Debug|Any CPU.ActiveCfg = Debug|Any CPU
		{D8353797-0DB5-47C2-8B87-54ACD19D1446}.Debug|Any CPU.Build.0 = Debug|Any CPU
		{D8353797-0DB5-47C2-8B87-54ACD19D1446}.Release|Any CPU.ActiveCfg = Release|Any CPU
		{D8353797-0DB5-47C2-8B87-54ACD19D1446}.Release|Any CPU.Build.0 = Release|Any CPU
	EndGlobalSection
	GlobalSection(SolutionProperties) = preSolution
		HideSolutionNode = FALSE
	EndGlobalSection
	GlobalSection(ExtensibilityGlobals) = postSolution
		SolutionGuid = {957B957A-04AC-4F8A-8C21-E9A3E8ED7E14}
	EndGlobalSection
EndGlobal
